// !$*UTF8*$!
{
	archiveVersion = 1;
	classes = {
	};
	objectVersion = 50;
	objects = {

/* Begin PBXBuildFile section */
		048E3C34276885FA00BEEBC6 /* appApp.swift in Sources */ = {isa = PBXBuildFile; fileRef = 048E3C33276885FA00BEEBC6 /* appApp.swift */; };
		048E3C36276885FA00BEEBC6 /* ContentView.swift in Sources */ = {isa = PBXBuildFile; fileRef = 048E3C35276885FA00BEEBC6 /* ContentView.swift */; };
		048E3C38276885FB00BEEBC6 /* Assets.xcassets in Resources */ = {isa = PBXBuildFile; fileRef = 048E3C37276885FB00BEEBC6 /* Assets.xcassets */; };
		048E3C3B276885FB00BEEBC6 /* Preview Assets.xcassets in Resources */ = {isa = PBXBuildFile; fileRef = 048E3C3A276885FB00BEEBC6 /* Preview Assets.xcassets */; };
		048E3C46276885FB00BEEBC6 /* appTests.swift in Sources */ = {isa = PBXBuildFile; fileRef = 048E3C45276885FB00BEEBC6 /* appTests.swift */; };
		048E3C51276885FB00BEEBC6 /* appUITests.swift in Sources */ = {isa = PBXBuildFile; fileRef = 048E3C50276885FB00BEEBC6 /* appUITests.swift */; };
		048E3C5F2768860500BEEBC6 /* Location.gpx in Resources */ = {isa = PBXBuildFile; fileRef = 048E3C5E2768860500BEEBC6 /* Location.gpx */; };
/* End PBXBuildFile section */

/* Begin PBXContainerItemProxy section */
		048E3C42276885FB00BEEBC6 /* PBXContainerItemProxy */ = {
			isa = PBXContainerItemProxy;
			containerPortal = 048E3C28276885FA00BEEBC6 /* Project object */;
			proxyType = 1;
			remoteGlobalIDString = 048E3C2F276885FA00BEEBC6;
			remoteInfo = app;
		};
		048E3C4D276885FB00BEEBC6 /* PBXContainerItemProxy */ = {
			isa = PBXContainerItemProxy;
			containerPortal = 048E3C28276885FA00BEEBC6 /* Project object */;
			proxyType = 1;
			remoteGlobalIDString = 048E3C2F276885FA00BEEBC6;
			remoteInfo = app;
		};
/* End PBXContainerItemProxy section */

/* Begin PBXFileReference section */
		048E3C30276885FA00BEEBC6 /* app.app */ = {isa = PBXFileReference; explicitFileType = wrapper.application; includeInIndex = 0; path = app.app; sourceTree = BUILT_PRODUCTS_DIR; };
		048E3C33276885FA00BEEBC6 /* appApp.swift */ = {isa = PBXFileReference; lastKnownFileType = sourcecode.swift; path = appApp.swift; sourceTree = "<group>"; };
		048E3C35276885FA00BEEBC6 /* ContentView.swift */ = {isa = PBXFileReference; lastKnownFileType = sourcecode.swift; path = ContentView.swift; sourceTree = "<group>"; };
		048E3C37276885FB00BEEBC6 /* Assets.xcassets */ = {isa = PBXFileReference; lastKnownFileType = folder.assetcatalog; path = Assets.xcassets; sourceTree = "<group>"; };
		048E3C3A276885FB00BEEBC6 /* Preview Assets.xcassets */ = {isa = PBXFileReference; lastKnownFileType = folder.assetcatalog; path = "Preview Assets.xcassets"; sourceTree = "<group>"; };
		048E3C3C276885FB00BEEBC6 /* Info.plist */ = {isa = PBXFileReference; lastKnownFileType = text.plist.xml; path = Info.plist; sourceTree = "<group>"; };
		048E3C41276885FB00BEEBC6 /* appTests.xctest */ = {isa = PBXFileReference; explicitFileType = wrapper.cfbundle; includeInIndex = 0; path = appTests.xctest; sourceTree = BUILT_PRODUCTS_DIR; };
		048E3C45276885FB00BEEBC6 /* appTests.swift */ = {isa = PBXFileReference; lastKnownFileType = sourcecode.swift; path = appTests.swift; sourceTree = "<group>"; };
		048E3C47276885FB00BEEBC6 /* Info.plist */ = {isa = PBXFileReference; lastKnownFileType = text.plist.xml; path = Info.plist; sourceTree = "<group>"; };
		048E3C4C276885FB00BEEBC6 /* appUITests.xctest */ = {isa = PBXFileReference; explicitFileType = wrapper.cfbundle; includeInIndex = 0; path = appUITests.xctest; sourceTree = BUILT_PRODUCTS_DIR; };
		048E3C50276885FB00BEEBC6 /* appUITests.swift */ = {isa = PBXFileReference; lastKnownFileType = sourcecode.swift; path = appUITests.swift; sourceTree = "<group>"; };
		048E3C52276885FB00BEEBC6 /* Info.plist */ = {isa = PBXFileReference; lastKnownFileType = text.plist.xml; path = Info.plist; sourceTree = "<group>"; };
		048E3C5E2768860500BEEBC6 /* Location.gpx */ = {isa = PBXFileReference; fileEncoding = 4; lastKnownFileType = text.xml; name = Location.gpx; path = ../../Location.gpx; sourceTree = "<group>"; };
/* End PBXFileReference section */

/* Begin PBXFrameworksBuildPhase section */
		048E3C2D276885FA00BEEBC6 /* Frameworks */ = {
			isa = PBXFrameworksBuildPhase;
			buildActionMask = 2147483647;
			files = (
			);
			runOnlyForDeploymentPostprocessing = 0;
		};
		048E3C3E276885FB00BEEBC6 /* Frameworks */ = {
			isa = PBXFrameworksBuildPhase;
			buildActionMask = 2147483647;
			files = (
			);
			runOnlyForDeploymentPostprocessing = 0;
		};
		048E3C49276885FB00BEEBC6 /* Frameworks */ = {
			isa = PBXFrameworksBuildPhase;
			buildActionMask = 2147483647;
			files = (
			);
			runOnlyForDeploymentPostprocessing = 0;
		};
/* End PBXFrameworksBuildPhase section */

/* Begin PBXGroup section */
		048E3C27276885FA00BEEBC6 = {
			isa = PBXGroup;
			children = (
				048E3C32276885FA00BEEBC6 /* app */,
				048E3C44276885FB00BEEBC6 /* appTests */,
				048E3C4F276885FB00BEEBC6 /* appUITests */,
				048E3C31276885FA00BEEBC6 /* Products */,
			);
			sourceTree = "<group>";
		};
		048E3C31276885FA00BEEBC6 /* Products */ = {
			isa = PBXGroup;
			children = (
				048E3C30276885FA00BEEBC6 /* app.app */,
				048E3C41276885FB00BEEBC6 /* appTests.xctest */,
				048E3C4C276885FB00BEEBC6 /* appUITests.xctest */,
			);
			name = Products;
			sourceTree = "<group>";
		};
		048E3C32276885FA00BEEBC6 /* app */ = {
			isa = PBXGroup;
			children = (
				048E3C33276885FA00BEEBC6 /* appApp.swift */,
				048E3C5E2768860500BEEBC6 /* Location.gpx */,
				048E3C35276885FA00BEEBC6 /* ContentView.swift */,
				048E3C37276885FB00BEEBC6 /* Assets.xcassets */,
				048E3C3C276885FB00BEEBC6 /* Info.plist */,
				048E3C39276885FB00BEEBC6 /* Preview Content */,
			);
			path = app;
			sourceTree = "<group>";
		};
		048E3C39276885FB00BEEBC6 /* Preview Content */ = {
			isa = PBXGroup;
			children = (
				048E3C3A276885FB00BEEBC6 /* Preview Assets.xcassets */,
			);
			path = "Preview Content";
			sourceTree = "<group>";
		};
		048E3C44276885FB00BEEBC6 /* appTests */ = {
			isa = PBXGroup;
			children = (
				048E3C45276885FB00BEEBC6 /* appTests.swift */,
				048E3C47276885FB00BEEBC6 /* Info.plist */,
			);
			path = appTests;
			sourceTree = "<group>";
		};
		048E3C4F276885FB00BEEBC6 /* appUITests */ = {
			isa = PBXGroup;
			children = (
				048E3C50276885FB00BEEBC6 /* appUITests.swift */,
				048E3C52276885FB00BEEBC6 /* Info.plist */,
			);
			path = appUITests;
			sourceTree = "<group>";
		};
/* End PBXGroup section */

/* Begin PBXNativeTarget section */
		048E3C2F276885FA00BEEBC6 /* app */ = {
			isa = PBXNativeTarget;
			buildConfigurationList = 048E3C55276885FB00BEEBC6 /* Build configuration list for PBXNativeTarget "app" */;
			buildPhases = (
				048E3C2C276885FA00BEEBC6 /* Sources */,
				048E3C2D276885FA00BEEBC6 /* Frameworks */,
				048E3C2E276885FA00BEEBC6 /* Resources */,
			);
			buildRules = (
			);
			dependencies = (
			);
			name = app;
			productName = app;
			productReference = 048E3C30276885FA00BEEBC6 /* app.app */;
			productType = "com.apple.product-type.application";
		};
		048E3C40276885FB00BEEBC6 /* appTests */ = {
			isa = PBXNativeTarget;
			buildConfigurationList = 048E3C58276885FB00BEEBC6 /* Build configuration list for PBXNativeTarget "appTests" */;
			buildPhases = (
				048E3C3D276885FB00BEEBC6 /* Sources */,
				048E3C3E276885FB00BEEBC6 /* Frameworks */,
				048E3C3F276885FB00BEEBC6 /* Resources */,
			);
			buildRules = (
			);
			dependencies = (
				048E3C43276885FB00BEEBC6 /* PBXTargetDependency */,
			);
			name = appTests;
			productName = appTests;
			productReference = 048E3C41276885FB00BEEBC6 /* appTests.xctest */;
			productType = "com.apple.product-type.bundle.unit-test";
		};
		048E3C4B276885FB00BEEBC6 /* appUITests */ = {
			isa = PBXNativeTarget;
			buildConfigurationList = 048E3C5B276885FB00BEEBC6 /* Build configuration list for PBXNativeTarget "appUITests" */;
			buildPhases = (
				048E3C48276885FB00BEEBC6 /* Sources */,
				048E3C49276885FB00BEEBC6 /* Frameworks */,
				048E3C4A276885FB00BEEBC6 /* Resources */,
			);
			buildRules = (
			);
			dependencies = (
				048E3C4E276885FB00BEEBC6 /* PBXTargetDependency */,
			);
			name = appUITests;
			productName = appUITests;
			productReference = 048E3C4C276885FB00BEEBC6 /* appUITests.xctest */;
			productType = "com.apple.product-type.bundle.ui-testing";
		};
/* End PBXNativeTarget section */

/* Begin PBXProject section */
		048E3C28276885FA00BEEBC6 /* Project object */ = {
			isa = PBXProject;
			attributes = {
				LastSwiftUpdateCheck = 1250;
				LastUpgradeCheck = 1250;
				TargetAttributes = {
					048E3C2F276885FA00BEEBC6 = {
						CreatedOnToolsVersion = 12.5.1;
					};
					048E3C40276885FB00BEEBC6 = {
						CreatedOnToolsVersion = 12.5.1;
						TestTargetID = 048E3C2F276885FA00BEEBC6;
					};
					048E3C4B276885FB00BEEBC6 = {
						CreatedOnToolsVersion = 12.5.1;
						TestTargetID = 048E3C2F276885FA00BEEBC6;
					};
				};
			};
			buildConfigurationList = 048E3C2B276885FA00BEEBC6 /* Build configuration list for PBXProject "app" */;
			compatibilityVersion = "Xcode 9.3";
			developmentRegion = en;
			hasScannedForEncodings = 0;
			knownRegions = (
				en,
				Base,
			);
			mainGroup = 048E3C27276885FA00BEEBC6;
			productRefGroup = 048E3C31276885FA00BEEBC6 /* Products */;
			projectDirPath = "";
			projectRoot = "";
			targets = (
				048E3C2F276885FA00BEEBC6 /* app */,
				048E3C40276885FB00BEEBC6 /* appTests */,
				048E3C4B276885FB00BEEBC6 /* appUITests */,
			);
		};
/* End PBXProject section */

/* Begin PBXResourcesBuildPhase section */
		048E3C2E276885FA00BEEBC6 /* Resources */ = {
			isa = PBXResourcesBuildPhase;
			buildActionMask = 2147483647;
			files = (
				048E3C3B276885FB00BEEBC6 /* Preview Assets.xcassets in Resources */,
				048E3C5F2768860500BEEBC6 /* Location.gpx in Resources */,
				048E3C38276885FB00BEEBC6 /* Assets.xcassets in Resources */,
			);
			runOnlyForDeploymentPostprocessing = 0;
		};
		048E3C3F276885FB00BEEBC6 /* Resources */ = {
			isa = PBXResourcesBuildPhase;
			buildActionMask = 2147483647;
			files = (
			);
			runOnlyForDeploymentPostprocessing = 0;
		};
		048E3C4A276885FB00BEEBC6 /* Resources */ = {
			isa = PBXResourcesBuildPhase;
			buildActionMask = 2147483647;
			files = (
			);
			runOnlyForDeploymentPostprocessing = 0;
		};
/* End PBXResourcesBuildPhase section */

/* Begin PBXSourcesBuildPhase section */
		048E3C2C276885FA00BEEBC6 /* Sources */ = {
			isa = PBXSourcesBuildPhase;
			buildActionMask = 2147483647;
			files = (
				048E3C36276885FA00BEEBC6 /* ContentView.swift in Sources */,
				048E3C34276885FA00BEEBC6 /* appApp.swift in Sources */,
			);
			runOnlyForDeploymentPostprocessing = 0;
		};
		048E3C3D276885FB00BEEBC6 /* Sources */ = {
			isa = PBXSourcesBuildPhase;
			buildActionMask = 2147483647;
			files = (
				048E3C46276885FB00BEEBC6 /* appTests.swift in Sources */,
			);
			runOnlyForDeploymentPostprocessing = 0;
		};
		048E3C48276885FB00BEEBC6 /* Sources */ = {
			isa = PBXSourcesBuildPhase;
			buildActionMask = 2147483647;
			files = (
				048E3C51276885FB00BEEBC6 /* appUITests.swift in Sources */,
			);
			runOnlyForDeploymentPostprocessing = 0;
		};
/* End PBXSourcesBuildPhase section */

/* Begin PBXTargetDependency section */
		048E3C43276885FB00BEEBC6 /* PBXTargetDependency */ = {
			isa = PBXTargetDependency;
			target = 048E3C2F276885FA00BEEBC6 /* app */;
			targetProxy = 048E3C42276885FB00BEEBC6 /* PBXContainerItemProxy */;
		};
		048E3C4E276885FB00BEEBC6 /* PBXTargetDependency */ = {
			isa = PBXTargetDependency;
			target = 048E3C2F276885FA00BEEBC6 /* app */;
			targetProxy = 048E3C4D276885FB00BEEBC6 /* PBXContainerItemProxy */;
		};
/* End PBXTargetDependency section */

/* Begin XCBuildConfiguration section */
		048E3C53276885FB00BEEBC6 /* Debug */ = {
			isa = XCBuildConfiguration;
			buildSettings = {
				ALWAYS_SEARCH_USER_PATHS = NO;
				CLANG_ANALYZER_NONNULL = YES;
				CLANG_ANALYZER_NUMBER_OBJECT_CONVERSION = YES_AGGRESSIVE;
				CLANG_CXX_LANGUAGE_STANDARD = "gnu++14";
				CLANG_CXX_LIBRARY = "libc++";
				CLANG_ENABLE_MODULES = YES;
				CLANG_ENABLE_OBJC_ARC = YES;
				CLANG_ENABLE_OBJC_WEAK = YES;
				CLANG_WARN_BLOCK_CAPTURE_AUTORELEASING = YES;
				CLANG_WARN_BOOL_CONVERSION = YES;
				CLANG_WARN_COMMA = YES;
				CLANG_WARN_CONSTANT_CONVERSION = YES;
				CLANG_WARN_DEPRECATED_OBJC_IMPLEMENTATIONS = YES;
				CLANG_WARN_DIRECT_OBJC_ISA_USAGE = YES_ERROR;
				CLANG_WARN_DOCUMENTATION_COMMENTS = YES;
				CLANG_WARN_EMPTY_BODY = YES;
				CLANG_WARN_ENUM_CONVERSION = YES;
				CLANG_WARN_INFINITE_RECURSION = YES;
				CLANG_WARN_INT_CONVERSION = YES;
				CLANG_WARN_NON_LITERAL_NULL_CONVERSION = YES;
				CLANG_WARN_OBJC_IMPLICIT_RETAIN_SELF = YES;
				CLANG_WARN_OBJC_LITERAL_CONVERSION = YES;
				CLANG_WARN_OBJC_ROOT_CLASS = YES_ERROR;
				CLANG_WARN_QUOTED_INCLUDE_IN_FRAMEWORK_HEADER = YES;
				CLANG_WARN_RANGE_LOOP_ANALYSIS = YES;
				CLANG_WARN_STRICT_PROTOTYPES = YES;
				CLANG_WARN_SUSPICIOUS_MOVE = YES;
				CLANG_WARN_UNGUARDED_AVAILABILITY = YES_AGGRESSIVE;
				CLANG_WARN_UNREACHABLE_CODE = YES;
				CLANG_WARN__DUPLICATE_METHOD_MATCH = YES;
				COPY_PHASE_STRIP = NO;
				DEBUG_INFORMATION_FORMAT = dwarf;
				ENABLE_STRICT_OBJC_MSGSEND = YES;
				ENABLE_TESTABILITY = YES;
				GCC_C_LANGUAGE_STANDARD = gnu11;
				GCC_DYNAMIC_NO_PIC = NO;
				GCC_NO_COMMON_BLOCKS = YES;
				GCC_OPTIMIZATION_LEVEL = 0;
				GCC_PREPROCESSOR_DEFINITIONS = (
					"DEBUG=1",
					"$(inherited)",
				);
				GCC_WARN_64_TO_32_BIT_CONVERSION = YES;
				GCC_WARN_ABOUT_RETURN_TYPE = YES_ERROR;
				GCC_WARN_UNDECLARED_SELECTOR = YES;
				GCC_WARN_UNINITIALIZED_AUTOS = YES_AGGRESSIVE;
				GCC_WARN_UNUSED_FUNCTION = YES;
				GCC_WARN_UNUSED_VARIABLE = YES;
				IPHONEOS_DEPLOYMENT_TARGET = 14.5;
				MTL_ENABLE_DEBUG_INFO = INCLUDE_SOURCE;
				MTL_FAST_MATH = YES;
				ONLY_ACTIVE_ARCH = YES;
				SDKROOT = iphoneos;
				SWIFT_ACTIVE_COMPILATION_CONDITIONS = DEBUG;
				SWIFT_OPTIMIZATION_LEVEL = "-Onone";
			};
			name = Debug;
		};
		048E3C54276885FB00BEEBC6 /* Release */ = {
			isa = XCBuildConfiguration;
			buildSettings = {
				ALWAYS_SEARCH_USER_PATHS = NO;
				CLANG_ANALYZER_NONNULL = YES;
				CLANG_ANALYZER_NUMBER_OBJECT_CONVERSION = YES_AGGRESSIVE;
				CLANG_CXX_LANGUAGE_STANDARD = "gnu++14";
				CLANG_CXX_LIBRARY = "libc++";
				CLANG_ENABLE_MODULES = YES;
				CLANG_ENABLE_OBJC_ARC = YES;
				CLANG_ENABLE_OBJC_WEAK = YES;
				CLANG_WARN_BLOCK_CAPTURE_AUTORELEASING = YES;
				CLANG_WARN_BOOL_CONVERSION = YES;
				CLANG_WARN_COMMA = YES;
				CLANG_WARN_CONSTANT_CONVERSION = YES;
				CLANG_WARN_DEPRECATED_OBJC_IMPLEMENTATIONS = YES;
				CLANG_WARN_DIRECT_OBJC_ISA_USAGE = YES_ERROR;
				CLANG_WARN_DOCUMENTATION_COMMENTS = YES;
				CLANG_WARN_EMPTY_BODY = YES;
				CLANG_WARN_ENUM_CONVERSION = YES;
				CLANG_WARN_INFINITE_RECURSION = YES;
				CLANG_WARN_INT_CONVERSION = YES;
				CLANG_WARN_NON_LITERAL_NULL_CONVERSION = YES;
				CLANG_WARN_OBJC_IMPLICIT_RETAIN_SELF = YES;
				CLANG_WARN_OBJC_LITERAL_CONVERSION = YES;
				CLANG_WARN_OBJC_ROOT_CLASS = YES_ERROR;
				CLANG_WARN_QUOTED_INCLUDE_IN_FRAMEWORK_HEADER = YES;
				CLANG_WARN_RANGE_LOOP_ANALYSIS = YES;
				CLANG_WARN_STRICT_PROTOTYPES = YES;
				CLANG_WARN_SUSPICIOUS_MOVE = YES;
				CLANG_WARN_UNGUARDED_AVAILABILITY = YES_AGGRESSIVE;
				CLANG_WARN_UNREACHABLE_CODE = YES;
				CLANG_WARN__DUPLICATE_METHOD_MATCH = YES;
				COPY_PHASE_STRIP = NO;
				DEBUG_INFORMATION_FORMAT = "dwarf-with-dsym";
				ENABLE_NS_ASSERTIONS = NO;
				ENABLE_STRICT_OBJC_MSGSEND = YES;
				GCC_C_LANGUAGE_STANDARD = gnu11;
				GCC_NO_COMMON_BLOCKS = YES;
				GCC_WARN_64_TO_32_BIT_CONVERSION = YES;
				GCC_WARN_ABOUT_RETURN_TYPE = YES_ERROR;
				GCC_WARN_UNDECLARED_SELECTOR = YES;
				GCC_WARN_UNINITIALIZED_AUTOS = YES_AGGRESSIVE;
				GCC_WARN_UNUSED_FUNCTION = YES;
				GCC_WARN_UNUSED_VARIABLE = YES;
				IPHONEOS_DEPLOYMENT_TARGET = 14.5;
				MTL_ENABLE_DEBUG_INFO = NO;
				MTL_FAST_MATH = YES;
				SDKROOT = iphoneos;
				SWIFT_COMPILATION_MODE = wholemodule;
				SWIFT_OPTIMIZATION_LEVEL = "-O";
				VALIDATE_PRODUCT = YES;
			};
			name = Release;
		};
		048E3C56276885FB00BEEBC6 /* Debug */ = {
			isa = XCBuildConfiguration;
			buildSettings = {
				ASSETCATALOG_COMPILER_APPICON_NAME = AppIcon;
				ASSETCATALOG_COMPILER_GLOBAL_ACCENT_COLOR_NAME = AccentColor;
				CODE_SIGN_STYLE = Automatic;
				DEVELOPMENT_ASSET_PATHS = "\"app/Preview Content\"";
				DEVELOPMENT_TEAM = 548KF86K7G;
				ENABLE_PREVIEWS = YES;
				INFOPLIST_FILE = app/Info.plist;
				IPHONEOS_DEPLOYMENT_TARGET = 14.0;
				LD_RUNPATH_SEARCH_PATHS = (
					"$(inherited)",
					"@executable_path/Frameworks",
				);
				PRODUCT_BUNDLE_IDENTIFIER = JacksFirstApp;
				PRODUCT_NAME = "$(TARGET_NAME)";
				SWIFT_VERSION = 5.0;
				TARGETED_DEVICE_FAMILY = "1,2";
			};
			name = Debug;
		};
		048E3C57276885FB00BEEBC6 /* Release */ = {
			isa = XCBuildConfiguration;
			buildSettings = {
				ASSETCATALOG_COMPILER_APPICON_NAME = AppIcon;
				ASSETCATALOG_COMPILER_GLOBAL_ACCENT_COLOR_NAME = AccentColor;
				CODE_SIGN_STYLE = Automatic;
				DEVELOPMENT_ASSET_PATHS = "\"app/Preview Content\"";
				DEVELOPMENT_TEAM = 548KF86K7G;
				ENABLE_PREVIEWS = YES;
				INFOPLIST_FILE = app/Info.plist;
				IPHONEOS_DEPLOYMENT_TARGET = 14.0;
				LD_RUNPATH_SEARCH_PATHS = (
					"$(inherited)",
					"@executable_path/Frameworks",
				);
				PRODUCT_BUNDLE_IDENTIFIER = JacksFirstApp;
				PRODUCT_NAME = "$(TARGET_NAME)";
				SWIFT_VERSION = 5.0;
				TARGETED_DEVICE_FAMILY = "1,2";
			};
			name = Release;
		};
		048E3C59276885FB00BEEBC6 /* Debug */ = {
			isa = XCBuildConfiguration;
			buildSettings = {
				ALWAYS_EMBED_SWIFT_STANDARD_LIBRARIES = YES;
				BUNDLE_LOADER = "$(TEST_HOST)";
				CODE_SIGN_STYLE = Automatic;
				INFOPLIST_FILE = appTests/Info.plist;
				IPHONEOS_DEPLOYMENT_TARGET = 14.0;
				LD_RUNPATH_SEARCH_PATHS = (
					"$(inherited)",
					"@executable_path/Frameworks",
					"@loader_path/Frameworks",
				);
				PRODUCT_BUNDLE_IDENTIFIER = Jack.appTests;
				PRODUCT_NAME = "$(TARGET_NAME)";
				SWIFT_VERSION = 5.0;
				TARGETED_DEVICE_FAMILY = "1,2";
				TEST_HOST = "$(BUILT_PRODUCTS_DIR)/app.app/app";
			};
			name = Debug;
		};
		048E3C5A276885FB00BEEBC6 /* Release */ = {
			isa = XCBuildConfiguration;
			buildSettings = {
				ALWAYS_EMBED_SWIFT_STANDARD_LIBRARIES = YES;
				BUNDLE_LOADER = "$(TEST_HOST)";
				CODE_SIGN_STYLE = Automatic;
				INFOPLIST_FILE = appTests/Info.plist;
				IPHONEOS_DEPLOYMENT_TARGET = 14.0;
				LD_RUNPATH_SEARCH_PATHS = (
					"$(inherited)",
					"@executable_path/Frameworks",
					"@loader_path/Frameworks",
				);
				PRODUCT_BUNDLE_IDENTIFIER = Jack.appTests;
				PRODUCT_NAME = "$(TARGET_NAME)";
				SWIFT_VERSION = 5.0;
				TARGETED_DEVICE_FAMILY = "1,2";
				TEST_HOST = "$(BUILT_PRODUCTS_DIR)/app.app/app";
			};
			name = Release;
		};
		048E3C5C276885FB00BEEBC6 /* Debug */ = {
			isa = XCBuildConfiguration;
			buildSettings = {
				ALWAYS_EMBED_SWIFT_STANDARD_LIBRARIES = YES;
				CODE_SIGN_STYLE = Automatic;
				INFOPLIST_FILE = appUITests/Info.plist;
				LD_RUNPATH_SEARCH_PATHS = (
					"$(inherited)",
					"@executable_path/Frameworks",
					"@loader_path/Frameworks",
				);
				PRODUCT_BUNDLE_IDENTIFIER = Jack.appUITests;
				PRODUCT_NAME = "$(TARGET_NAME)";
				SWIFT_VERSION = 5.0;
				TARGETED_DEVICE_FAMILY = "1,2";
				TEST_TARGET_NAME = app;
			};
			name = Debug;
		};
		048E3C5D276885FB00BEEBC6 /* Release */ = {
			isa = XCBuildConfiguration;
			buildSettings = {
				ALWAYS_EMBED_SWIFT_STANDARD_LIBRARIES = YES;
				CODE_SIGN_STYLE = Automatic;
				INFOPLIST_FILE = appUITests/Info.plist;
				LD_RUNPATH_SEARCH_PATHS = (
					"$(inherited)",
					"@executable_path/Frameworks",
					"@loader_path/Frameworks",
				);
				PRODUCT_BUNDLE_IDENTIFIER = Jack.appUITests;
				PRODUCT_NAME = "$(TARGET_NAME)";
				SWIFT_VERSION = 5.0;
				TARGETED_DEVICE_FAMILY = "1,2";
				TEST_TARGET_NAME = app;
			};
			name = Release;
		};
/* End XCBuildConfiguration section */

/* Begin XCConfigurationList section */
		048E3C2B276885FA00BEEBC6 /* Build configuration list for PBXProject "app" */ = {
			isa = XCConfigurationList;
			buildConfigurations = (
				048E3C53276885FB00BEEBC6 /* Debug */,
				048E3C54276885FB00BEEBC6 /* Release */,
			);
			defaultConfigurationIsVisible = 0;
			defaultConfigurationName = Release;
		};
		048E3C55276885FB00BEEBC6 /* Build configuration list for PBXNativeTarget "app" */ = {
			isa = XCConfigurationList;
			buildConfigurations = (
				048E3C56276885FB00BEEBC6 /* Debug */,
				048E3C57276885FB00BEEBC6 /* Release */,
			);
			defaultConfigurationIsVisible = 0;
			defaultConfigurationName = Release;
		};
		048E3C58276885FB00BEEBC6 /* Build configuration list for PBXNativeTarget "appTests" */ = {
			isa = XCConfigurationList;
			buildConfigurations = (
				048E3C59276885FB00BEEBC6 /* Debug */,
				048E3C5A276885FB00BEEBC6 /* Release */,
			);
			defaultConfigurationIsVisible = 0;
			defaultConfigurationName = Release;
		};
		048E3C5B276885FB00BEEBC6 /* Build configuration list for PBXNativeTarget "appUITests" */ = {
			isa = XCConfigurationList;
			buildConfigurations = (
				048E3C5C276885FB00BEEBC6 /* Debug */,
				048E3C5D276885FB00BEEBC6 /* Release */,
			);
			defaultConfigurationIsVisible = 0;
			defaultConfigurationName = Release;
		};
/* End XCConfigurationList section */
	};
	rootObject = 048E3C28276885FA00BEEBC6 /* Project object */;
}
